<?xml version="1.0" encoding="utf-8"?>
<Project ToolsVersion="4.0" xmlns="http://schemas.microsoft.com/developer/msbuild/2003">
  <ItemGroup>
    <Filter Include="Source Files">
      <UniqueIdentifier>{3499fd19-ded6-485b-806a-f7fffa4f3518}</UniqueIdentifier>
      <Extensions>cpp;c;cxx;rc;def;r;odl;idl;hpj;bat</Extensions>
    </Filter>
    <Filter Include="Header Files">
      <UniqueIdentifier>{2bb0eed3-0b88-472b-bd44-639a0d4399ad}</UniqueIdentifier>
      <Extensions>h;hpp;hxx;hm;inl</Extensions>
    </Filter>
    <Filter Include="Resource Files">
      <UniqueIdentifier>{60dd478d-9729-4a4b-8142-771d3b966a44}</UniqueIdentifier>
      <Extensions>ico;cur;bmp;dlg;rc2;rct;bin;rgs;gif;jpg;jpeg;jpe</Extensions>
    </Filter>
  </ItemGroup>
  <ItemGroup>
    <ClCompile Include="source\comm.c">
      <Filter>Source Files</Filter>
    </ClCompile>
    <ClCompile Include="source\comm_bulk.cpp">
      <Filter>Source Files</Filter>
    </ClCompile>
    <ClCompile Include="source\config.cpp">
      <Filter>Source Files</Filter>
    </ClCompile>
    <ClCompile Include="source\errors.cpp">
      <Filter>Source Files</Filter>
    </ClCompile>
    <ClCompile Include="Pr35_timer_comp.cpp">
      <Filter>Source Files</Filter>
    </ClCompile>
    <ClCompile Include="Pr35_timer_compDlg.cpp">
      <Filter>Source Files</Filter>
    </ClCompile>
    <ClCompile Include="StdAfx.cpp">
      <Filter>Source Files</Filter>
    </ClCompile>
    <ClCompile Include="source\timer.cpp">
      <Filter>Source Files</Filter>
    </ClCompile>
  </ItemGroup>
  <ItemGroup>
    <ResourceCompile Include="Pr35_timer_comp.rc">
      <Filter>Source Files</Filter>
    </ResourceCompile>
  </ItemGroup>
  <ItemGroup>
    <ClInclude Include="source\comm.h">
      <Filter>Header Files</Filter>
    </ClInclude>
    <ClInclude Include="source\comm_bulk.h">
      <Filter>Header Files</Filter>
    </ClInclude>
    <ClInclude Include="source\config.h">
      <Filter>Header Files</Filter>
    </ClInclude>
    <ClInclude Include="source\errors.h">
      <Filter>Header Files</Filter>
    </ClInclude>
    <ClInclude Include="Pr35_timer_comp.h">
      <Filter>Header Files</Filter>
    </ClInclude>
    <ClInclude Include="Pr35_timer_compDlg.h">
      <Filter>Header Files</Filter>
    </ClInclude>
    <ClInclude Include="Resource.h">
      <Filter>Header Files</Filter>
    </ClInclude>
    <ClInclude Include="StdAfx.h">
      <Filter>Header Files</Filter>
    </ClInclude>
    <ClInclude Include="source\timer.h">
      <Filter>Header Files</Filter>
    </ClInclude>
  </ItemGroup>
  <ItemGroup>
    <CustomBuild Include="res\icon1.ico">
      <Filter>Resource Files</Filter>
    </CustomBuild>
    <CustomBuild Include="res\Pr35.ico">
      <Filter>Resource Files</Filter>
    </CustomBuild>
    <CustomBuild Include="res\Pr35_timer_comp.ico">
      <Filter>Resource Files</Filter>
    </CustomBuild>
    <CustomBuild Include="res\Pr35_timer_comp.rc2">
      <Filter>Resource Files</Filter>
    </CustomBuild>
    <CustomBuild Include="res\Pr36.ico">
      <Filter>Resource Files</Filter>
    </CustomBuild>
    <CustomBuild Include="res\timer.ico">
      <Filter>Resource Files</Filter>
    </CustomBuild>
    <CustomBuild Include="res\timer2.ico">
      <Filter>Resource Files</Filter>
    </CustomBuild>
    <CustomBuild Include="res\timer3.ico">
      <Filter>Resource Files</Filter>
    </CustomBuild>
    <CustomBuild Include="res\timer4.ico">
      <Filter>Resource Files</Filter>
    </CustomBuild>
  </ItemGroup>
</Project>